PODS:
  - SFRouter (0.1.0):
    - YYModel
  - YYModel (1.0.4)

DEPENDENCIES:
  - SFRouter (from `../`)
  - YYModel

SPEC REPOS:
  trunk:
    - YYModel

EXTERNAL SOURCES:
  SFRouter:
    :path: "../"

SPEC CHECKSUMS:
  SFRouter: 97bab4492930e8a364e492855fb969167698e432
  YYModel: 2a7fdd96aaa4b86a824e26d0c517de8928c04b30

PODFILE CHECKSUM: b8c3a3dcbcbf7372b738b28b2eb6bc62ef8f5b2d

COCOAPODS: 1.9.3
